// !$*UTF8*$!
{
	archiveVersion = 1;
	classes = {
	};
	objectVersion = 46;
	objects = {

/* Begin PBXBuildFile section */
		88FCD5BE1E4FADBA006B8BDF /* insertion-sort.cpp in Sources */ = {isa = PBXBuildFile; fileRef = 88FCD5B31E4FADBA006B8BDF /* insertion-sort.cpp */; };
		88FCD5C01E4FADBA006B8BDF /* Makefile in Sources */ = {isa = PBXBuildFile; fileRef = 88FCD5B51E4FADBA006B8BDF /* Makefile */; };
		88FCD5C11E4FADBA006B8BDF /* option.cpp in Sources */ = {isa = PBXBuildFile; fileRef = 88FCD5B61E4FADBA006B8BDF /* option.cpp */; };
		88FCD5C51E4FADBA006B8BDF /* sort.cpp in Sources */ = {isa = PBXBuildFile; fileRef = 88FCD5BB1E4FADBA006B8BDF /* sort.cpp */; };
/* End PBXBuildFile section */

/* Begin PBXCopyFilesBuildPhase section */
		88FCD5A61E4FA9CC006B8BDF /* CopyFiles */ = {
			isa = PBXCopyFilesBuildPhase;
			buildActionMask = 2147483647;
			dstPath = /usr/share/man/man1/;
			dstSubfolderSpec = 0;
			files = (
			);
			runOnlyForDeploymentPostprocessing = 1;
		};
/* End PBXCopyFilesBuildPhase section */

/* Begin PBXFileReference section */
		88FCD5A81E4FA9CD006B8BDF /* PA2 */ = {isa = PBXFileReference; explicitFileType = "compiled.mach-o.executable"; includeInIndex = 0; path = PA2; sourceTree = BUILT_PRODUCTS_DIR; };
		88FCD5B31E4FADBA006B8BDF /* insertion-sort.cpp */ = {isa = PBXFileReference; fileEncoding = 4; lastKnownFileType = sourcecode.cpp.cpp; path = "insertion-sort.cpp"; sourceTree = "<group>"; };
		88FCD5B51E4FADBA006B8BDF /* Makefile */ = {isa = PBXFileReference; fileEncoding = 4; lastKnownFileType = sourcecode.make; path = Makefile; sourceTree = "<group>"; };
		88FCD5B61E4FADBA006B8BDF /* option.cpp */ = {isa = PBXFileReference; fileEncoding = 4; lastKnownFileType = sourcecode.cpp.cpp; path = option.cpp; sourceTree = "<group>"; };
		88FCD5B71E4FADBA006B8BDF /* option.h */ = {isa = PBXFileReference; fileEncoding = 4; lastKnownFileType = sourcecode.c.h; path = option.h; sourceTree = "<group>"; };
		88FCD5BB1E4FADBA006B8BDF /* sort.cpp */ = {isa = PBXFileReference; fileEncoding = 4; lastKnownFileType = sourcecode.cpp.cpp; path = sort.cpp; sourceTree = "<group>"; };
		88FCD5BC1E4FADBA006B8BDF /* sort.h */ = {isa = PBXFileReference; fileEncoding = 4; lastKnownFileType = sourcecode.c.h; path = sort.h; sourceTree = "<group>"; };
/* End PBXFileReference section */

/* Begin PBXFrameworksBuildPhase section */
		88FCD5A51E4FA9CC006B8BDF /* Frameworks */ = {
			isa = PBXFrameworksBuildPhase;
			buildActionMask = 2147483647;
			files = (
			);
			runOnlyForDeploymentPostprocessing = 0;
		};
/* End PBXFrameworksBuildPhase section */

/* Begin PBXGroup section */
		88FCD59F1E4FA9CC006B8BDF = {
			isa = PBXGroup;
			children = (
				88FCD5AA1E4FA9CD006B8BDF /* PA2 */,
				88FCD5A91E4FA9CD006B8BDF /* Products */,
			);
			sourceTree = "<group>";
		};
		88FCD5A91E4FA9CD006B8BDF /* Products */ = {
			isa = PBXGroup;
			children = (
				88FCD5A81E4FA9CD006B8BDF /* PA2 */,
			);
			name = Products;
			sourceTree = "<group>";
		};
		88FCD5AA1E4FA9CD006B8BDF /* PA2 */ = {
			isa = PBXGroup;
			children = (
				88FCD5B31E4FADBA006B8BDF /* insertion-sort.cpp */,
				88FCD5B51E4FADBA006B8BDF /* Makefile */,
				88FCD5B61E4FADBA006B8BDF /* option.cpp */,
				88FCD5B71E4FADBA006B8BDF /* option.h */,
				88FCD5BB1E4FADBA006B8BDF /* sort.cpp */,
				88FCD5BC1E4FADBA006B8BDF /* sort.h */,
			);
			path = PA2;
			sourceTree = "<group>";
		};
/* End PBXGroup section */

/* Begin PBXNativeTarget section */
		88FCD5A71E4FA9CC006B8BDF /* PA2 */ = {
			isa = PBXNativeTarget;
			buildConfigurationList = 88FCD5AF1E4FA9CD006B8BDF /* Build configuration list for PBXNativeTarget "PA2" */;
			buildPhases = (
				88FCD5A41E4FA9CC006B8BDF /* Sources */,
				88FCD5A51E4FA9CC006B8BDF /* Frameworks */,
				88FCD5A61E4FA9CC006B8BDF /* CopyFiles */,
			);
			buildRules = (
			);
			dependencies = (
			);
			name = PA2;
			productName = PA2;
			productReference = 88FCD5A81E4FA9CD006B8BDF /* PA2 */;
			productType = "com.apple.product-type.tool";
		};
/* End PBXNativeTarget section */

/* Begin PBXProject section */
		88FCD5A01E4FA9CC006B8BDF /* Project object */ = {
			isa = PBXProject;
			attributes = {
				LastUpgradeCheck = 0820;
				ORGANIZATIONNAME = "Tate Walker";
				TargetAttributes = {
					88FCD5A71E4FA9CC006B8BDF = {
						CreatedOnToolsVersion = 8.2.1;
						ProvisioningStyle = Automatic;
					};
				};
			};
			buildConfigurationList = 88FCD5A31E4FA9CC006B8BDF /* Build configuration list for PBXProject "PA2" */;
			compatibilityVersion = "Xcode 3.2";
			developmentRegion = English;
			hasScannedForEncodings = 0;
			knownRegions = (
				en,
			);
			mainGroup = 88FCD59F1E4FA9CC006B8BDF;
			productRefGroup = 88FCD5A91E4FA9CD006B8BDF /* Products */;
			projectDirPath = "";
			projectRoot = "";
			targets = (
				88FCD5A71E4FA9CC006B8BDF /* PA2 */,
			);
		};
/* End PBXProject section */

/* Begin PBXSourcesBuildPhase section */
		88FCD5A41E4FA9CC006B8BDF /* Sources */ = {
			isa = PBXSourcesBuildPhase;
			buildActionMask = 2147483647;
			files = (
				88FCD5C01E4FADBA006B8BDF /* Makefile in Sources */,
				88FCD5C11E4FADBA006B8BDF /* option.cpp in Sources */,
				88FCD5C51E4FADBA006B8BDF /* sort.cpp in Sources */,
				88FCD5BE1E4FADBA006B8BDF /* insertion-sort.cpp in Sources */,
			);
			runOnlyForDeploymentPostprocessing = 0;
		};
/* End PBXSourcesBuildPhase section */

/* Begin XCBuildConfiguration section */
		88FCD5AD1E4FA9CD006B8BDF /* Debug */ = {
			isa = XCBuildConfiguration;
			buildSettings = {
				ALWAYS_SEARCH_USER_PATHS = NO;
				CLANG_ANALYZER_NONNULL = YES;
				CLANG_CXX_LANGUAGE_STANDARD = "gnu++0x";
				CLANG_CXX_LIBRARY = "libc++";
				CLANG_ENABLE_MODULES = YES;
				CLANG_ENABLE_OBJC_ARC = YES;
				CLANG_WARN_BOOL_CONVERSION = YES;
				CLANG_WARN_CONSTANT_CONVERSION = YES;
				CLANG_WARN_DIRECT_OBJC_ISA_USAGE = YES_ERROR;
				CLANG_WARN_DOCUMENTATION_COMMENTS = YES;
				CLANG_WARN_EMPTY_BODY = YES;
				CLANG_WARN_ENUM_CONVERSION = YES;
				CLANG_WARN_INFINITE_RECURSION = YES;
				CLANG_WARN_INT_CONVERSION = YES;
				CLANG_WARN_OBJC_ROOT_CLASS = YES_ERROR;
				CLANG_WARN_SUSPICIOUS_MOVE = YES;
				CLANG_WARN_UNREACHABLE_CODE = YES;
				CLANG_WARN__DUPLICATE_METHOD_MATCH = YES;
				CODE_SIGN_IDENTITY = "-";
				COPY_PHASE_STRIP = NO;
				DEBUG_INFORMATION_FORMAT = dwarf;
				ENABLE_STRICT_OBJC_MSGSEND = YES;
				ENABLE_TESTABILITY = YES;
				GCC_C_LANGUAGE_STANDARD = gnu99;
				GCC_DYNAMIC_NO_PIC = NO;
				GCC_NO_COMMON_BLOCKS = YES;
				GCC_OPTIMIZATION_LEVEL = 0;
				GCC_PREPROCESSOR_DEFINITIONS = (
					"DEBUG=1",
					"$(inherited)",
				);
				GCC_WARN_64_TO_32_BIT_CONVERSION = YES;
				GCC_WARN_ABOUT_RETURN_TYPE = YES_ERROR;
				GCC_WARN_UNDECLARED_SELECTOR = YES;
				GCC_WARN_UNINITIALIZED_AUTOS = YES_AGGRESSIVE;
				GCC_WARN_UNUSED_FUNCTION = YES;
				GCC_WARN_UNUSED_VARIABLE = YES;
				MACOSX_DEPLOYMENT_TARGET = 10.12;
				MTL_ENABLE_DEBUG_INFO = YES;
				ONLY_ACTIVE_ARCH = YES;
				SDKROOT = macosx;
			};
			name = Debug;
		};
		88FCD5AE1E4FA9CD006B8BDF /* Release */ = {
			isa = XCBuildConfiguration;
			buildSettings = {
				ALWAYS_SEARCH_USER_PATHS = NO;
				CLANG_ANALYZER_NONNULL = YES;
				CLANG_CXX_LANGUAGE_STANDARD = "gnu++0x";
				CLANG_CXX_LIBRARY = "libc++";
				CLANG_ENABLE_MODULES = YES;
				CLANG_ENABLE_OBJC_ARC = YES;
				CLANG_WARN_BOOL_CONVERSION = YES;
				CLANG_WARN_CONSTANT_CONVERSION = YES;
				CLANG_WARN_DIRECT_OBJC_ISA_USAGE = YES_ERROR;
				CLANG_WARN_DOCUMENTATION_COMMENTS = YES;
				CLANG_WARN_EMPTY_BODY = YES;
				CLANG_WARN_ENUM_CONVERSION = YES;
				CLANG_WARN_INFINITE_RECURSION = YES;
				CLANG_WARN_INT_CONVERSION = YES;
				CLANG_WARN_OBJC_ROOT_CLASS = YES_ERROR;
				CLANG_WARN_SUSPICIOUS_MOVE = YES;
				CLANG_WARN_UNREACHABLE_CODE = YES;
				CLANG_WARN__DUPLICATE_METHOD_MATCH = YES;
				CODE_SIGN_IDENTITY = "-";
				COPY_PHASE_STRIP = NO;
				DEBUG_INFORMATION_FORMAT = "dwarf-with-dsym";
				ENABLE_NS_ASSERTIONS = NO;
				ENABLE_STRICT_OBJC_MSGSEND = YES;
				GCC_C_LANGUAGE_STANDARD = gnu99;
				GCC_NO_COMMON_BLOCKS = YES;
				GCC_WARN_64_TO_32_BIT_CONVERSION = YES;
				GCC_WARN_ABOUT_RETURN_TYPE = YES_ERROR;
				GCC_WARN_UNDECLARED_SELECTOR = YES;
				GCC_WARN_UNINITIALIZED_AUTOS = YES_AGGRESSIVE;
				GCC_WARN_UNUSED_FUNCTION = YES;
				GCC_WARN_UNUSED_VARIABLE = YES;
				MACOSX_DEPLOYMENT_TARGET = 10.12;
				MTL_ENABLE_DEBUG_INFO = NO;
				SDKROOT = macosx;
			};
			name = Release;
		};
		88FCD5B01E4FA9CD006B8BDF /* Debug */ = {
			isa = XCBuildConfiguration;
			buildSettings = {
				PRODUCT_NAME = "$(TARGET_NAME)";
			};
			name = Debug;
		};
		88FCD5B11E4FA9CD006B8BDF /* Release */ = {
			isa = XCBuildConfiguration;
			buildSettings = {
				PRODUCT_NAME = "$(TARGET_NAME)";
			};
			name = Release;
		};
/* End XCBuildConfiguration section */

/* Begin XCConfigurationList section */
		88FCD5A31E4FA9CC006B8BDF /* Build configuration list for PBXProject "PA2" */ = {
			isa = XCConfigurationList;
			buildConfigurations = (
				88FCD5AD1E4FA9CD006B8BDF /* Debug */,
				88FCD5AE1E4FA9CD006B8BDF /* Release */,
			);
			defaultConfigurationIsVisible = 0;
			defaultConfigurationName = Release;
		};
		88FCD5AF1E4FA9CD006B8BDF /* Build configuration list for PBXNativeTarget "PA2" */ = {
			isa = XCConfigurationList;
			buildConfigurations = (
				88FCD5B01E4FA9CD006B8BDF /* Debug */,
				88FCD5B11E4FA9CD006B8BDF /* Release */,
			);
			defaultConfigurationIsVisible = 0;
			defaultConfigurationName = Release;
		};
/* End XCConfigurationList section */
	};
	rootObject = 88FCD5A01E4FA9CC006B8BDF /* Project object */;
}
